
Microsoft Visual Studio Solution File, Format Version 12.00
# Visual Studio Version 17
VisualStudioVersion = 17.10.35027.167
MinimumVisualStudioVersion = 10.0.40219.1
Project("{FAE04EC0-301F-11D3-BF4B-00C04F79EFBC}") = "Jeu de la vie", "Jeu de la vie Forms\Jeu de la vie.csproj", "{D4DB5CA0-EC8F-4E49-A5C7-BCEC395272C7}"
EndProject
Global
	GlobalSection(SolutionConfigurationPlatforms) = preSolution
		Debug|Any CPU = Debug|Any CPU
		Release|Any CPU = Release|Any CPU
	EndGlobalSection
	GlobalSection(ProjectConfigurationPlatforms) = postSolution
		{D4DB5CA0-EC8F-4E49-A5C7-BCEC395272C7}.Debug|Any CPU.ActiveCfg = Debug|Any CPU
		{D4DB5CA0-EC8F-4E49-A5C7-BCEC395272C7}.Debug|Any CPU.Build.0 = Debug|Any CPU
		{D4DB5CA0-EC8F-4E49-A5C7-BCEC395272C7}.Release|Any CPU.ActiveCfg = Release|Any CPU
		{D4DB5CA0-EC8F-4E49-A5C7-BCEC395272C7}.Release|Any CPU.Build.0 = Release|Any CPU
	EndGlobalSection
	GlobalSection(SolutionProperties) = preSolution
		HideSolutionNode = FALSE
	EndGlobalSection
	GlobalSection(ExtensibilityGlobals) = postSolution
		SolutionGuid = {FC44ADA8-FE31-47AD-B8D4-64AABF13B0DE}
	EndGlobalSection
EndGlobal
